
Microsoft Visual Studio Solution File, Format Version 12.00
# Visual Studio Version 17
VisualStudioVersion = 17.9.34616.47
MinimumVisualStudioVersion = 10.0.40219.1
Project("{FAE04EC0-301F-11D3-BF4B-00C04F79EFBC}") = "Solar_Tracker_GUI", "Solar_Tracker_GUI.csproj", "{EC52CA64-8502-4A4A-A295-C5D85402CBD5}"
EndProject
Global
	GlobalSection(SolutionConfigurationPlatforms) = preSolution
		Debug|Any CPU = Debug|Any CPU
		Release|Any CPU = Release|Any CPU
	EndGlobalSection
	GlobalSection(ProjectConfigurationPlatforms) = postSolution
		{EC52CA64-8502-4A4A-A295-C5D85402CBD5}.Debug|Any CPU.ActiveCfg = Debug|Any CPU
		{EC52CA64-8502-4A4A-A295-C5D85402CBD5}.Debug|Any CPU.Build.0 = Debug|Any CPU
		{EC52CA64-8502-4A4A-A295-C5D85402CBD5}.Release|Any CPU.ActiveCfg = Release|Any CPU
		{EC52CA64-8502-4A4A-A295-C5D85402CBD5}.Release|Any CPU.Build.0 = Release|Any CPU
	EndGlobalSection
	GlobalSection(SolutionProperties) = preSolution
		HideSolutionNode = FALSE
	EndGlobalSection
	GlobalSection(ExtensibilityGlobals) = postSolution
		SolutionGuid = {7F32BE44-9806-4528-84CF-79A4095D4333}
	EndGlobalSection
EndGlobal
